<Solution>
  <Project Path="Unity.Robotics.ROSTCPConnector.Messages.csproj" />
  <Project Path="Unity.XR.Interaction.Toolkit.Samples.StarterAssets.csproj" />
  <Project Path="Unity.Robotics.ROSTCPConnector.csproj" />
  <Project Path="Assembly-CSharp.csproj" />
  <Project Path="Unity.Robotics.ROSTCPConnector.Editor.csproj" />
  <Project Path="Assembly-CSharp-Editor.csproj" />
  <Project Path="Unity.Robotics.ROSTCPConnector.MessageGeneration.csproj" />
  <Project Path="Unity.XR.Interaction.Toolkit.Samples.StarterAssets.Editor.csproj" />
</Solution>
